// !$*UTF8*$!
{
	archiveVersion = 1;
	classes = {
	};
	objectVersion = 55;
	objects = {

/* Begin PBXBuildFile section */
		4943CBDA271F3CA90057BF86 /* HackerApp.swift in Sources */ = {isa = PBXBuildFile; fileRef = 4943CBD9271F3CA90057BF86 /* HackerApp.swift */; };
		4943CBDC271F3CA90057BF86 /* PostsView.swift in Sources */ = {isa = PBXBuildFile; fileRef = 4943CBDB271F3CA90057BF86 /* PostsView.swift */; };
		4943CBDE271F3CB00057BF86 /* Assets.xcassets in Resources */ = {isa = PBXBuildFile; fileRef = 4943CBDD271F3CB00057BF86 /* Assets.xcassets */; };
		4943CBE1271F3CB00057BF86 /* Preview Assets.xcassets in Resources */ = {isa = PBXBuildFile; fileRef = 4943CBE0271F3CB00057BF86 /* Preview Assets.xcassets */; };
		4943CBE9271F42480057BF86 /* PostsManager.swift in Sources */ = {isa = PBXBuildFile; fileRef = 4943CBE8271F42480057BF86 /* PostsManager.swift */; };
		4943CBEB271F438F0057BF86 /* PostData.swift in Sources */ = {isa = PBXBuildFile; fileRef = 4943CBEA271F438F0057BF86 /* PostData.swift */; };
		4943CBEE271F4B5A0057BF86 /* PostDetailView.swift in Sources */ = {isa = PBXBuildFile; fileRef = 4943CBED271F4B5A0057BF86 /* PostDetailView.swift */; };
		4943CBF2271F557C0057BF86 /* WebView.swift in Sources */ = {isa = PBXBuildFile; fileRef = 4943CBF1271F557C0057BF86 /* WebView.swift */; };
		49E39B5B274B6030003B525B /* NetworkManager.swift in Sources */ = {isa = PBXBuildFile; fileRef = 49E39B5A274B6030003B525B /* NetworkManager.swift */; };
/* End PBXBuildFile section */

/* Begin PBXFileReference section */
		4943CBD6271F3CA90057BF86 /* Hacker.app */ = {isa = PBXFileReference; explicitFileType = wrapper.application; includeInIndex = 0; path = Hacker.app; sourceTree = BUILT_PRODUCTS_DIR; };
		4943CBD9271F3CA90057BF86 /* HackerApp.swift */ = {isa = PBXFileReference; lastKnownFileType = sourcecode.swift; path = HackerApp.swift; sourceTree = "<group>"; };
		4943CBDB271F3CA90057BF86 /* PostsView.swift */ = {isa = PBXFileReference; lastKnownFileType = sourcecode.swift; path = PostsView.swift; sourceTree = "<group>"; };
		4943CBDD271F3CB00057BF86 /* Assets.xcassets */ = {isa = PBXFileReference; lastKnownFileType = folder.assetcatalog; path = Assets.xcassets; sourceTree = "<group>"; };
		4943CBE0271F3CB00057BF86 /* Preview Assets.xcassets */ = {isa = PBXFileReference; lastKnownFileType = folder.assetcatalog; path = "Preview Assets.xcassets"; sourceTree = "<group>"; };
		4943CBE8271F42480057BF86 /* PostsManager.swift */ = {isa = PBXFileReference; lastKnownFileType = sourcecode.swift; path = PostsManager.swift; sourceTree = "<group>"; };
		4943CBEA271F438F0057BF86 /* PostData.swift */ = {isa = PBXFileReference; lastKnownFileType = sourcecode.swift; path = PostData.swift; sourceTree = "<group>"; };
		4943CBED271F4B5A0057BF86 /* PostDetailView.swift */ = {isa = PBXFileReference; lastKnownFileType = sourcecode.swift; name = PostDetailView.swift; path = Hacker/Models/PostDetailView.swift; sourceTree = SOURCE_ROOT; };
		4943CBF1271F557C0057BF86 /* WebView.swift */ = {isa = PBXFileReference; lastKnownFileType = sourcecode.swift; path = WebView.swift; sourceTree = "<group>"; };
		49E39B5A274B6030003B525B /* NetworkManager.swift */ = {isa = PBXFileReference; lastKnownFileType = sourcecode.swift; path = NetworkManager.swift; sourceTree = "<group>"; };
/* End PBXFileReference section */

/* Begin PBXFrameworksBuildPhase section */
		4943CBD3271F3CA90057BF86 /* Frameworks */ = {
			isa = PBXFrameworksBuildPhase;
			buildActionMask = 2147483647;
			files = (
			);
			runOnlyForDeploymentPostprocessing = 0;
		};
/* End PBXFrameworksBuildPhase section */

/* Begin PBXGroup section */
		4943CBCD271F3CA90057BF86 = {
			isa = PBXGroup;
			children = (
				4943CBD8271F3CA90057BF86 /* Hacker */,
				4943CBD7271F3CA90057BF86 /* Products */,
			);
			sourceTree = "<group>";
		};
		4943CBD7271F3CA90057BF86 /* Products */ = {
			isa = PBXGroup;
			children = (
				4943CBD6271F3CA90057BF86 /* Hacker.app */,
			);
			name = Products;
			sourceTree = "<group>";
		};
		4943CBD8271F3CA90057BF86 /* Hacker */ = {
			isa = PBXGroup;
			children = (
				4943CBD9271F3CA90057BF86 /* HackerApp.swift */,
				4943CBEC271F4B3B0057BF86 /* Views */,
				4943CBE7271F421C0057BF86 /* Models */,
				49E39B59274B600C003B525B /* Networking */,
				4943CBDD271F3CB00057BF86 /* Assets.xcassets */,
				4943CBDF271F3CB00057BF86 /* Preview Content */,
			);
			path = Hacker;
			sourceTree = "<group>";
		};
		4943CBDF271F3CB00057BF86 /* Preview Content */ = {
			isa = PBXGroup;
			children = (
				4943CBE0271F3CB00057BF86 /* Preview Assets.xcassets */,
			);
			path = "Preview Content";
			sourceTree = "<group>";
		};
		4943CBE7271F421C0057BF86 /* Models */ = {
			isa = PBXGroup;
			children = (
				4943CBE8271F42480057BF86 /* PostsManager.swift */,
				4943CBEA271F438F0057BF86 /* PostData.swift */,
			);
			path = Models;
			sourceTree = "<group>";
		};
		4943CBEC271F4B3B0057BF86 /* Views */ = {
			isa = PBXGroup;
			children = (
				4943CBDB271F3CA90057BF86 /* PostsView.swift */,
				4943CBED271F4B5A0057BF86 /* PostDetailView.swift */,
				4943CBF1271F557C0057BF86 /* WebView.swift */,
			);
			path = Views;
			sourceTree = "<group>";
		};
		49E39B59274B600C003B525B /* Networking */ = {
			isa = PBXGroup;
			children = (
				49E39B5A274B6030003B525B /* NetworkManager.swift */,
			);
			path = Networking;
			sourceTree = "<group>";
		};
/* End PBXGroup section */

/* Begin PBXNativeTarget section */
		4943CBD5271F3CA90057BF86 /* Hacker */ = {
			isa = PBXNativeTarget;
			buildConfigurationList = 4943CBE4271F3CB00057BF86 /* Build configuration list for PBXNativeTarget "Hacker" */;
			buildPhases = (
				4943CBD2271F3CA90057BF86 /* Sources */,
				4943CBD3271F3CA90057BF86 /* Frameworks */,
				4943CBD4271F3CA90057BF86 /* Resources */,
			);
			buildRules = (
			);
			dependencies = (
			);
			name = Hacker;
			productName = Hacker;
			productReference = 4943CBD6271F3CA90057BF86 /* Hacker.app */;
			productType = "com.apple.product-type.application";
		};
/* End PBXNativeTarget section */

/* Begin PBXProject section */
		4943CBCE271F3CA90057BF86 /* Project object */ = {
			isa = PBXProject;
			attributes = {
				BuildIndependentTargetsInParallel = 1;
				LastSwiftUpdateCheck = 1300;
				LastUpgradeCheck = 1300;
				TargetAttributes = {
					4943CBD5271F3CA90057BF86 = {
						CreatedOnToolsVersion = 13.0;
					};
				};
			};
			buildConfigurationList = 4943CBD1271F3CA90057BF86 /* Build configuration list for PBXProject "Hacker" */;
			compatibilityVersion = "Xcode 13.0";
			developmentRegion = en;
			hasScannedForEncodings = 0;
			knownRegions = (
				en,
				Base,
			);
			mainGroup = 4943CBCD271F3CA90057BF86;
			productRefGroup = 4943CBD7271F3CA90057BF86 /* Products */;
			projectDirPath = "";
			projectRoot = "";
			targets = (
				4943CBD5271F3CA90057BF86 /* Hacker */,
			);
		};
/* End PBXProject section */

/* Begin PBXResourcesBuildPhase section */
		4943CBD4271F3CA90057BF86 /* Resources */ = {
			isa = PBXResourcesBuildPhase;
			buildActionMask = 2147483647;
			files = (
				4943CBE1271F3CB00057BF86 /* Preview Assets.xcassets in Resources */,
				4943CBDE271F3CB00057BF86 /* Assets.xcassets in Resources */,
			);
			runOnlyForDeploymentPostprocessing = 0;
		};
/* End PBXResourcesBuildPhase section */

/* Begin PBXSourcesBuildPhase section */
		4943CBD2271F3CA90057BF86 /* Sources */ = {
			isa = PBXSourcesBuildPhase;
			buildActionMask = 2147483647;
			files = (
				4943CBE9271F42480057BF86 /* PostsManager.swift in Sources */,
				4943CBEB271F438F0057BF86 /* PostData.swift in Sources */,
				4943CBDC271F3CA90057BF86 /* PostsView.swift in Sources */,
				49E39B5B274B6030003B525B /* NetworkManager.swift in Sources */,
				4943CBF2271F557C0057BF86 /* WebView.swift in Sources */,
				4943CBEE271F4B5A0057BF86 /* PostDetailView.swift in Sources */,
				4943CBDA271F3CA90057BF86 /* HackerApp.swift in Sources */,
			);
			runOnlyForDeploymentPostprocessing = 0;
		};
/* End PBXSourcesBuildPhase section */

/* Begin XCBuildConfiguration section */
		4943CBE2271F3CB00057BF86 /* Debug */ = {
			isa = XCBuildConfiguration;
			buildSettings = {
				ALWAYS_SEARCH_USER_PATHS = NO;
				CLANG_ANALYZER_NONNULL = YES;
				CLANG_ANALYZER_NUMBER_OBJECT_CONVERSION = YES_AGGRESSIVE;
				CLANG_CXX_LANGUAGE_STANDARD = "gnu++17";
				CLANG_CXX_LIBRARY = "libc++";
				CLANG_ENABLE_MODULES = YES;
				CLANG_ENABLE_OBJC_ARC = YES;
				CLANG_ENABLE_OBJC_WEAK = YES;
				CLANG_WARN_BLOCK_CAPTURE_AUTORELEASING = YES;
				CLANG_WARN_BOOL_CONVERSION = YES;
				CLANG_WARN_COMMA = YES;
				CLANG_WARN_CONSTANT_CONVERSION = YES;
				CLANG_WARN_DEPRECATED_OBJC_IMPLEMENTATIONS = YES;
				CLANG_WARN_DIRECT_OBJC_ISA_USAGE = YES_ERROR;
				CLANG_WARN_DOCUMENTATION_COMMENTS = YES;
				CLANG_WARN_EMPTY_BODY = YES;
				CLANG_WARN_ENUM_CONVERSION = YES;
				CLANG_WARN_INFINITE_RECURSION = YES;
				CLANG_WARN_INT_CONVERSION = YES;
				CLANG_WARN_NON_LITERAL_NULL_CONVERSION = YES;
				CLANG_WARN_OBJC_IMPLICIT_RETAIN_SELF = YES;
				CLANG_WARN_OBJC_LITERAL_CONVERSION = YES;
				CLANG_WARN_OBJC_ROOT_CLASS = YES_ERROR;
				CLANG_WARN_QUOTED_INCLUDE_IN_FRAMEWORK_HEADER = YES;
				CLANG_WARN_RANGE_LOOP_ANALYSIS = YES;
				CLANG_WARN_STRICT_PROTOTYPES = YES;
				CLANG_WARN_SUSPICIOUS_MOVE = YES;
				CLANG_WARN_UNGUARDED_AVAILABILITY = YES_AGGRESSIVE;
				CLANG_WARN_UNREACHABLE_CODE = YES;
				CLANG_WARN__DUPLICATE_METHOD_MATCH = YES;
				COPY_PHASE_STRIP = NO;
				DEBUG_INFORMATION_FORMAT = dwarf;
				ENABLE_STRICT_OBJC_MSGSEND = YES;
				ENABLE_TESTABILITY = YES;
				GCC_C_LANGUAGE_STANDARD = gnu11;
				GCC_DYNAMIC_NO_PIC = NO;
				GCC_NO_COMMON_BLOCKS = YES;
				GCC_OPTIMIZATION_LEVEL = 0;
				GCC_PREPROCESSOR_DEFINITIONS = (
					"DEBUG=1",
					"$(inherited)",
				);
				GCC_WARN_64_TO_32_BIT_CONVERSION = YES;
				GCC_WARN_ABOUT_RETURN_TYPE = YES_ERROR;
				GCC_WARN_UNDECLARED_SELECTOR = YES;
				GCC_WARN_UNINITIALIZED_AUTOS = YES_AGGRESSIVE;
				GCC_WARN_UNUSED_FUNCTION = YES;
				GCC_WARN_UNUSED_VARIABLE = YES;
				IPHONEOS_DEPLOYMENT_TARGET = 15.0;
				MTL_ENABLE_DEBUG_INFO = INCLUDE_SOURCE;
				MTL_FAST_MATH = YES;
				ONLY_ACTIVE_ARCH = YES;
				SDKROOT = iphoneos;
				SWIFT_ACTIVE_COMPILATION_CONDITIONS = DEBUG;
				SWIFT_OPTIMIZATION_LEVEL = "-Onone";
			};
			name = Debug;
		};
		4943CBE3271F3CB00057BF86 /* Release */ = {
			isa = XCBuildConfiguration;
			buildSettings = {
				ALWAYS_SEARCH_USER_PATHS = NO;
				CLANG_ANALYZER_NONNULL = YES;
				CLANG_ANALYZER_NUMBER_OBJECT_CONVERSION = YES_AGGRESSIVE;
				CLANG_CXX_LANGUAGE_STANDARD = "gnu++17";
				CLANG_CXX_LIBRARY = "libc++";
				CLANG_ENABLE_MODULES = YES;
				CLANG_ENABLE_OBJC_ARC = YES;
				CLANG_ENABLE_OBJC_WEAK = YES;
				CLANG_WARN_BLOCK_CAPTURE_AUTORELEASING = YES;
				CLANG_WARN_BOOL_CONVERSION = YES;
				CLANG_WARN_COMMA = YES;
				CLANG_WARN_CONSTANT_CONVERSION = YES;
				CLANG_WARN_DEPRECATED_OBJC_IMPLEMENTATIONS = YES;
				CLANG_WARN_DIRECT_OBJC_ISA_USAGE = YES_ERROR;
				CLANG_WARN_DOCUMENTATION_COMMENTS = YES;
				CLANG_WARN_EMPTY_BODY = YES;
				CLANG_WARN_ENUM_CONVERSION = YES;
				CLANG_WARN_INFINITE_RECURSION = YES;
				CLANG_WARN_INT_CONVERSION = YES;
				CLANG_WARN_NON_LITERAL_NULL_CONVERSION = YES;
				CLANG_WARN_OBJC_IMPLICIT_RETAIN_SELF = YES;
				CLANG_WARN_OBJC_LITERAL_CONVERSION = YES;
				CLANG_WARN_OBJC_ROOT_CLASS = YES_ERROR;
				CLANG_WARN_QUOTED_INCLUDE_IN_FRAMEWORK_HEADER = YES;
				CLANG_WARN_RANGE_LOOP_ANALYSIS = YES;
				CLANG_WARN_STRICT_PROTOTYPES = YES;
				CLANG_WARN_SUSPICIOUS_MOVE = YES;
				CLANG_WARN_UNGUARDED_AVAILABILITY = YES_AGGRESSIVE;
				CLANG_WARN_UNREACHABLE_CODE = YES;
				CLANG_WARN__DUPLICATE_METHOD_MATCH = YES;
				COPY_PHASE_STRIP = NO;
				DEBUG_INFORMATION_FORMAT = "dwarf-with-dsym";
				ENABLE_NS_ASSERTIONS = NO;
				ENABLE_STRICT_OBJC_MSGSEND = YES;
				GCC_C_LANGUAGE_STANDARD = gnu11;
				GCC_NO_COMMON_BLOCKS = YES;
				GCC_WARN_64_TO_32_BIT_CONVERSION = YES;
				GCC_WARN_ABOUT_RETURN_TYPE = YES_ERROR;
				GCC_WARN_UNDECLARED_SELECTOR = YES;
				GCC_WARN_UNINITIALIZED_AUTOS = YES_AGGRESSIVE;
				GCC_WARN_UNUSED_FUNCTION = YES;
				GCC_WARN_UNUSED_VARIABLE = YES;
				IPHONEOS_DEPLOYMENT_TARGET = 15.0;
				MTL_ENABLE_DEBUG_INFO = NO;
				MTL_FAST_MATH = YES;
				SDKROOT = iphoneos;
				SWIFT_COMPILATION_MODE = wholemodule;
				SWIFT_OPTIMIZATION_LEVEL = "-O";
				VALIDATE_PRODUCT = YES;
			};
			name = Release;
		};
		4943CBE5271F3CB00057BF86 /* Debug */ = {
			isa = XCBuildConfiguration;
			buildSettings = {
				ASSETCATALOG_COMPILER_APPICON_NAME = AppIcon;
				ASSETCATALOG_COMPILER_GLOBAL_ACCENT_COLOR_NAME = AccentColor;
				CODE_SIGN_STYLE = Automatic;
				CURRENT_PROJECT_VERSION = 1;
				DEVELOPMENT_ASSET_PATHS = "\"Hacker/Preview Content\"";
				DEVELOPMENT_TEAM = 83897SRY5X;
				ENABLE_PREVIEWS = YES;
				GENERATE_INFOPLIST_FILE = YES;
				INFOPLIST_KEY_UIApplicationSceneManifest_Generation = YES;
				INFOPLIST_KEY_UIApplicationSupportsIndirectInputEvents = YES;
				INFOPLIST_KEY_UILaunchScreen_Generation = YES;
				INFOPLIST_KEY_UISupportedInterfaceOrientations_iPad = "UIInterfaceOrientationPortrait UIInterfaceOrientationPortraitUpsideDown UIInterfaceOrientationLandscapeLeft UIInterfaceOrientationLandscapeRight";
				INFOPLIST_KEY_UISupportedInterfaceOrientations_iPhone = "UIInterfaceOrientationPortrait UIInterfaceOrientationLandscapeLeft UIInterfaceOrientationLandscapeRight";
				IPHONEOS_DEPLOYMENT_TARGET = 14.0;
				LD_RUNPATH_SEARCH_PATHS = (
					"$(inherited)",
					"@executable_path/Frameworks",
				);
				MARKETING_VERSION = 1.0;
				PRODUCT_BUNDLE_IDENTIFIER = com.marccadag.Hacker;
				PRODUCT_NAME = "$(TARGET_NAME)";
				SWIFT_EMIT_LOC_STRINGS = YES;
				SWIFT_VERSION = 5.0;
				TARGETED_DEVICE_FAMILY = "1,2";
			};
			name = Debug;
		};
		4943CBE6271F3CB00057BF86 /* Release */ = {
			isa = XCBuildConfiguration;
			buildSettings = {
				ASSETCATALOG_COMPILER_APPICON_NAME = AppIcon;
				ASSETCATALOG_COMPILER_GLOBAL_ACCENT_COLOR_NAME = AccentColor;
				CODE_SIGN_STYLE = Automatic;
				CURRENT_PROJECT_VERSION = 1;
				DEVELOPMENT_ASSET_PATHS = "\"Hacker/Preview Content\"";
				DEVELOPMENT_TEAM = 83897SRY5X;
				ENABLE_PREVIEWS = YES;
				GENERATE_INFOPLIST_FILE = YES;
				INFOPLIST_KEY_UIApplicationSceneManifest_Generation = YES;
				INFOPLIST_KEY_UIApplicationSupportsIndirectInputEvents = YES;
				INFOPLIST_KEY_UILaunchScreen_Generation = YES;
				INFOPLIST_KEY_UISupportedInterfaceOrientations_iPad = "UIInterfaceOrientationPortrait UIInterfaceOrientationPortraitUpsideDown UIInterfaceOrientationLandscapeLeft UIInterfaceOrientationLandscapeRight";
				INFOPLIST_KEY_UISupportedInterfaceOrientations_iPhone = "UIInterfaceOrientationPortrait UIInterfaceOrientationLandscapeLeft UIInterfaceOrientationLandscapeRight";
				IPHONEOS_DEPLOYMENT_TARGET = 14.0;
				LD_RUNPATH_SEARCH_PATHS = (
					"$(inherited)",
					"@executable_path/Frameworks",
				);
				MARKETING_VERSION = 1.0;
				PRODUCT_BUNDLE_IDENTIFIER = com.marccadag.Hacker;
				PRODUCT_NAME = "$(TARGET_NAME)";
				SWIFT_EMIT_LOC_STRINGS = YES;
				SWIFT_VERSION = 5.0;
				TARGETED_DEVICE_FAMILY = "1,2";
			};
			name = Release;
		};
/* End XCBuildConfiguration section */

/* Begin XCConfigurationList section */
		4943CBD1271F3CA90057BF86 /* Build configuration list for PBXProject "Hacker" */ = {
			isa = XCConfigurationList;
			buildConfigurations = (
				4943CBE2271F3CB00057BF86 /* Debug */,
				4943CBE3271F3CB00057BF86 /* Release */,
			);
			defaultConfigurationIsVisible = 0;
			defaultConfigurationName = Release;
		};
		4943CBE4271F3CB00057BF86 /* Build configuration list for PBXNativeTarget "Hacker" */ = {
			isa = XCConfigurationList;
			buildConfigurations = (
				4943CBE5271F3CB00057BF86 /* Debug */,
				4943CBE6271F3CB00057BF86 /* Release */,
			);
			defaultConfigurationIsVisible = 0;
			defaultConfigurationName = Release;
		};
/* End XCConfigurationList section */
	};
	rootObject = 4943CBCE271F3CA90057BF86 /* Project object */;
}
